
Microsoft Visual Studio Solution File, Format Version 12.00
# Visual Studio Version 17
VisualStudioVersion = 17.2.32422.2
MinimumVisualStudioVersion = 10.0.40219.1
Project("{2150E333-8FDC-42A3-9474-1A3956D46DE8}") = "src", "src", "{838231A4-B081-44B0-AC16-DC4C2FABAE86}"
EndProject
Project("{9A19103F-16F7-4668-BE54-9A1E7A4F7556}") = "Telegram.Bot", "src\Telegram.Bot\Telegram.Bot.csproj", "{12FD39CD-A6FD-4040-8C8B-8FABEDD5FE0F}"
EndProject
Project("{2150E333-8FDC-42A3-9474-1A3956D46DE8}") = "test", "test", "{15F0DD71-1D15-4085-AF6F-E3E5D8ACB489}"
EndProject
Project("{9A19103F-16F7-4668-BE54-9A1E7A4F7556}") = "Telegram.Bot.Tests.Integ", "test\Telegram.Bot.Tests.Integ\Telegram.Bot.Tests.Integ.csproj", "{B662E909-CF8B-47C6-BAA8-FCA595BA53EA}"
EndProject
Project("{9A19103F-16F7-4668-BE54-9A1E7A4F7556}") = "Telegram.Bot.Tests.Unit", "test\Telegram.Bot.Tests.Unit\Telegram.Bot.Tests.Unit.csproj", "{AAB9E3BA-D749-4D38-9021-EBD8D0BC8975}"
EndProject
Project("{2150E333-8FDC-42A3-9474-1A3956D46DE8}") = "Solution Items", "Solution Items", "{C45387C6-C93F-4FD2-84A8-A69CCE93B7EE}"
	ProjectSection(SolutionItems) = preProject
		.editorconfig = .editorconfig
		CHANGELOG.md = CHANGELOG.md
		CONTRIBUTING.md = CONTRIBUTING.md
		global.json = global.json
		README.md = README.md
		THIRD_PARTY_NOTICES = THIRD_PARTY_NOTICES
	EndProjectSection
EndProject
Project("{2150E333-8FDC-42A3-9474-1A3956D46DE8}") = ".azure-pipelines", ".azure-pipelines", "{71662597-40F2-4192-AC4D-5FB9A1F12642}"
	ProjectSection(SolutionItems) = preProject
		.azure-pipelines\ci.yml = .azure-pipelines\ci.yml
		.azure-pipelines\full-integration-tests.yml = .azure-pipelines\full-integration-tests.yml
		.azure-pipelines\non-interactive-integration-tests.yml = .azure-pipelines\non-interactive-integration-tests.yml
		.azure-pipelines\release-pipeline.yml = .azure-pipelines\release-pipeline.yml
		.azure-pipelines\variables.yml = .azure-pipelines\variables.yml
	EndProjectSection
EndProject
Project("{2150E333-8FDC-42A3-9474-1A3956D46DE8}") = "jobs", "jobs", "{C20A563E-603B-49E8-A954-DB90D4F351DE}"
	ProjectSection(SolutionItems) = preProject
		.azure-pipelines\jobs\run-integration-tests.yml = .azure-pipelines\jobs\run-integration-tests.yml
		.azure-pipelines\jobs\run-unit-tests.yml = .azure-pipelines\jobs\run-unit-tests.yml
	EndProjectSection
EndProject
Project("{2150E333-8FDC-42A3-9474-1A3956D46DE8}") = ".devcontainer", ".devcontainer", "{4897F36C-2F57-48A7-B425-D8F695E0AC0D}"
	ProjectSection(SolutionItems) = preProject
		.devcontainer\devcontainer.json = .devcontainer\devcontainer.json
		.devcontainer\docker-compose.yml = .devcontainer\docker-compose.yml
		.devcontainer\Dockerfile = .devcontainer\Dockerfile
	EndProjectSection
EndProject
Project("{9A19103F-16F7-4668-BE54-9A1E7A4F7556}") = "EnumSerializer.Generator", "src\EnumSerializer.Generator\EnumSerializer.Generator.csproj", "{C246B54F-018B-4589-B26D-C38D7846FFF2}"
EndProject
Global
	GlobalSection(SolutionConfigurationPlatforms) = preSolution
		Debug|Any CPU = Debug|Any CPU
		Release|Any CPU = Release|Any CPU
	EndGlobalSection
	GlobalSection(ProjectConfigurationPlatforms) = postSolution
		{12FD39CD-A6FD-4040-8C8B-8FABEDD5FE0F}.Debug|Any CPU.ActiveCfg = Debug|Any CPU
		{12FD39CD-A6FD-4040-8C8B-8FABEDD5FE0F}.Debug|Any CPU.Build.0 = Debug|Any CPU
		{12FD39CD-A6FD-4040-8C8B-8FABEDD5FE0F}.Release|Any CPU.ActiveCfg = Release|Any CPU
		{12FD39CD-A6FD-4040-8C8B-8FABEDD5FE0F}.Release|Any CPU.Build.0 = Release|Any CPU
		{B662E909-CF8B-47C6-BAA8-FCA595BA53EA}.Debug|Any CPU.ActiveCfg = Debug|Any CPU
		{B662E909-CF8B-47C6-BAA8-FCA595BA53EA}.Debug|Any CPU.Build.0 = Debug|Any CPU
		{B662E909-CF8B-47C6-BAA8-FCA595BA53EA}.Release|Any CPU.ActiveCfg = Release|Any CPU
		{B662E909-CF8B-47C6-BAA8-FCA595BA53EA}.Release|Any CPU.Build.0 = Release|Any CPU
		{AAB9E3BA-D749-4D38-9021-EBD8D0BC8975}.Debug|Any CPU.ActiveCfg = Debug|Any CPU
		{AAB9E3BA-D749-4D38-9021-EBD8D0BC8975}.Debug|Any CPU.Build.0 = Debug|Any CPU
		{AAB9E3BA-D749-4D38-9021-EBD8D0BC8975}.Release|Any CPU.ActiveCfg = Release|Any CPU
		{AAB9E3BA-D749-4D38-9021-EBD8D0BC8975}.Release|Any CPU.Build.0 = Release|Any CPU
		{C246B54F-018B-4589-B26D-C38D7846FFF2}.Debug|Any CPU.ActiveCfg = Debug|Any CPU
		{C246B54F-018B-4589-B26D-C38D7846FFF2}.Debug|Any CPU.Build.0 = Debug|Any CPU
		{C246B54F-018B-4589-B26D-C38D7846FFF2}.Release|Any CPU.ActiveCfg = Release|Any CPU
		{C246B54F-018B-4589-B26D-C38D7846FFF2}.Release|Any CPU.Build.0 = Release|Any CPU
	EndGlobalSection
	GlobalSection(SolutionProperties) = preSolution
		HideSolutionNode = FALSE
	EndGlobalSection
	GlobalSection(NestedProjects) = preSolution
		{12FD39CD-A6FD-4040-8C8B-8FABEDD5FE0F} = {838231A4-B081-44B0-AC16-DC4C2FABAE86}
		{B662E909-CF8B-47C6-BAA8-FCA595BA53EA} = {15F0DD71-1D15-4085-AF6F-E3E5D8ACB489}
		{AAB9E3BA-D749-4D38-9021-EBD8D0BC8975} = {15F0DD71-1D15-4085-AF6F-E3E5D8ACB489}
		{71662597-40F2-4192-AC4D-5FB9A1F12642} = {C45387C6-C93F-4FD2-84A8-A69CCE93B7EE}
		{C20A563E-603B-49E8-A954-DB90D4F351DE} = {71662597-40F2-4192-AC4D-5FB9A1F12642}
		{4897F36C-2F57-48A7-B425-D8F695E0AC0D} = {C45387C6-C93F-4FD2-84A8-A69CCE93B7EE}
		{C246B54F-018B-4589-B26D-C38D7846FFF2} = {838231A4-B081-44B0-AC16-DC4C2FABAE86}
	EndGlobalSection
	GlobalSection(ExtensibilityGlobals) = postSolution
		SolutionGuid = {F6A9C4CA-DF26-4772-9119-627935D70E7C}
	EndGlobalSection
EndGlobal
