
Microsoft Visual Studio Solution File, Format Version 12.00
# Visual Studio 15
VisualStudioVersion = 15.0.26430.6
MinimumVisualStudioVersion = 10.0.40219.1
Project("{2150E333-8FDC-42A3-9474-1A3956D46DE8}") = "src", "src", "{3F08204D-0100-468B-91A7-807ADC4E33EB}"
EndProject
Project("{2150E333-8FDC-42A3-9474-1A3956D46DE8}") = "Solution Items", "Solution Items", "{E3482D76-90DE-48B6-A032-01568C0845D4}"
	ProjectSection(SolutionItems) = preProject
		.travis.yml = .travis.yml
		appveyor.yml = appveyor.yml
		CHANGELOG.md = CHANGELOG.md
		ISSUE_TEMPLATE.md = ISSUE_TEMPLATE.md
		README.md = README.md
	EndProjectSection
EndProject
Project("{9A19103F-16F7-4668-BE54-9A1E7A4F7556}") = "Telegram.Bot", "src\Telegram.Bot\Telegram.Bot.csproj", "{5EE00727-14EC-409C-BF31-5B3084A99D1F}"
EndProject
Global
	GlobalSection(SolutionConfigurationPlatforms) = preSolution
		Debug|Any CPU = Debug|Any CPU
		Release|Any CPU = Release|Any CPU
	EndGlobalSection
	GlobalSection(ProjectConfigurationPlatforms) = postSolution
		{5EE00727-14EC-409C-BF31-5B3084A99D1F}.Debug|Any CPU.ActiveCfg = Debug|Any CPU
		{5EE00727-14EC-409C-BF31-5B3084A99D1F}.Debug|Any CPU.Build.0 = Debug|Any CPU
		{5EE00727-14EC-409C-BF31-5B3084A99D1F}.Release|Any CPU.ActiveCfg = Release|Any CPU
		{5EE00727-14EC-409C-BF31-5B3084A99D1F}.Release|Any CPU.Build.0 = Release|Any CPU
	EndGlobalSection
	GlobalSection(SolutionProperties) = preSolution
		HideSolutionNode = FALSE
	EndGlobalSection
	GlobalSection(NestedProjects) = preSolution
		{5EE00727-14EC-409C-BF31-5B3084A99D1F} = {3F08204D-0100-468B-91A7-807ADC4E33EB}
	EndGlobalSection
EndGlobal
