
Microsoft Visual Studio Solution File, Format Version 12.00
# Visual Studio 2013
VisualStudioVersion = 12.0.31101.0
MinimumVisualStudioVersion = 10.0.40219.1
Project("{FAE04EC0-301F-11D3-BF4B-00C04F79EFBC}") = "Telegram.Bot", "Telegram.Bot\Telegram.Bot.csproj", "{42E7CD69-9C5F-4A63-9341-E8C98C7CB8AF}"
EndProject
Project("{2150E333-8FDC-42A3-9474-1A3956D46DE8}") = ".nuget", ".nuget", "{E3482D76-90DE-48B6-A032-01568C0845D4}"
	ProjectSection(SolutionItems) = preProject
		.nuget\NuGet.Config = .nuget\NuGet.Config
		.nuget\NuGet.exe = .nuget\NuGet.exe
		.nuget\NuGet.targets = .nuget\NuGet.targets
	EndProjectSection
EndProject
Global
	GlobalSection(SolutionConfigurationPlatforms) = preSolution
		Debug|Any CPU = Debug|Any CPU
		Release|Any CPU = Release|Any CPU
	EndGlobalSection
	GlobalSection(ProjectConfigurationPlatforms) = postSolution
		{42E7CD69-9C5F-4A63-9341-E8C98C7CB8AF}.Debug|Any CPU.ActiveCfg = Debug|Any CPU
		{42E7CD69-9C5F-4A63-9341-E8C98C7CB8AF}.Debug|Any CPU.Build.0 = Debug|Any CPU
		{42E7CD69-9C5F-4A63-9341-E8C98C7CB8AF}.Release|Any CPU.ActiveCfg = Release|Any CPU
		{42E7CD69-9C5F-4A63-9341-E8C98C7CB8AF}.Release|Any CPU.Build.0 = Release|Any CPU
	EndGlobalSection
	GlobalSection(SolutionProperties) = preSolution
		HideSolutionNode = FALSE
	EndGlobalSection
EndGlobal
